
Microsoft Visual Studio Solution File, Format Version 10.00
# Visual C# Express 2008
Project("{FAE04EC0-301F-11D3-BF4B-00C04F79EFBC}") = "aMAZEing Escape", "aMAZEing Escape\aMAZEing Escape.csproj", "{5FF47C5A-CA75-4A3D-8B62-5E1C252CF4A2}"
EndProject
Global
	GlobalSection(SolutionConfigurationPlatforms) = preSolution
		Debug|x86 = Debug|x86
		Release|x86 = Release|x86
	EndGlobalSection
	GlobalSection(ProjectConfigurationPlatforms) = postSolution
		{5FF47C5A-CA75-4A3D-8B62-5E1C252CF4A2}.Debug|x86.ActiveCfg = Debug|x86
		{5FF47C5A-CA75-4A3D-8B62-5E1C252CF4A2}.Debug|x86.Build.0 = Debug|x86
		{5FF47C5A-CA75-4A3D-8B62-5E1C252CF4A2}.Release|x86.ActiveCfg = Release|x86
		{5FF47C5A-CA75-4A3D-8B62-5E1C252CF4A2}.Release|x86.Build.0 = Release|x86
		{B7285528-1773-4A17-9AFA-A0B2ED124FB8}.Debug|x86.ActiveCfg = Debug|x86
		{B7285528-1773-4A17-9AFA-A0B2ED124FB8}.Release|x86.ActiveCfg = Release|x86
	EndGlobalSection
	GlobalSection(SolutionProperties) = preSolution
		HideSolutionNode = FALSE
	EndGlobalSection
EndGlobal
